
Microsoft Visual Studio Solution File, Format Version 12.00
# Visual Studio Version 17
VisualStudioVersion = 17.1.32421.90
MinimumVisualStudioVersion = 10.0.40219.1
Project("{FAE04EC0-301F-11D3-BF4B-00C04F79EFBC}") = "Business", "Business\Business.csproj", "{FBDDF40B-AD23-4BEB-AEE7-3C10C112CF84}"
EndProject
Project("{FAE04EC0-301F-11D3-BF4B-00C04F79EFBC}") = "DataAccess", "DataAccess\DataAccess.csproj", "{96D3E34A-C6E8-4ECC-88F4-4B3EE899F284}"
EndProject
Project("{FAE04EC0-301F-11D3-BF4B-00C04F79EFBC}") = "Entities", "Entities\Entities.csproj", "{3D971CB6-CE58-4ECA-9549-CC6BFF75D58A}"
EndProject
Project("{FAE04EC0-301F-11D3-BF4B-00C04F79EFBC}") = "UI", "UI\UI.csproj", "{26921296-A6DF-4349-9AD0-4EA84A78E907}"
EndProject
Project("{FAE04EC0-301F-11D3-BF4B-00C04F79EFBC}") = "Core", "Core\Core.csproj", "{D587A31F-AAA4-41A8-BA6C-83E3CAB21B65}"
EndProject
Global
	GlobalSection(SolutionConfigurationPlatforms) = preSolution
		Debug|Any CPU = Debug|Any CPU
		Release|Any CPU = Release|Any CPU
	EndGlobalSection
	GlobalSection(ProjectConfigurationPlatforms) = postSolution
		{FBDDF40B-AD23-4BEB-AEE7-3C10C112CF84}.Debug|Any CPU.ActiveCfg = Debug|Any CPU
		{FBDDF40B-AD23-4BEB-AEE7-3C10C112CF84}.Debug|Any CPU.Build.0 = Debug|Any CPU
		{FBDDF40B-AD23-4BEB-AEE7-3C10C112CF84}.Release|Any CPU.ActiveCfg = Release|Any CPU
		{FBDDF40B-AD23-4BEB-AEE7-3C10C112CF84}.Release|Any CPU.Build.0 = Release|Any CPU
		{96D3E34A-C6E8-4ECC-88F4-4B3EE899F284}.Debug|Any CPU.ActiveCfg = Debug|Any CPU
		{96D3E34A-C6E8-4ECC-88F4-4B3EE899F284}.Debug|Any CPU.Build.0 = Debug|Any CPU
		{96D3E34A-C6E8-4ECC-88F4-4B3EE899F284}.Release|Any CPU.ActiveCfg = Release|Any CPU
		{96D3E34A-C6E8-4ECC-88F4-4B3EE899F284}.Release|Any CPU.Build.0 = Release|Any CPU
		{3D971CB6-CE58-4ECA-9549-CC6BFF75D58A}.Debug|Any CPU.ActiveCfg = Debug|Any CPU
		{3D971CB6-CE58-4ECA-9549-CC6BFF75D58A}.Debug|Any CPU.Build.0 = Debug|Any CPU
		{3D971CB6-CE58-4ECA-9549-CC6BFF75D58A}.Release|Any CPU.ActiveCfg = Release|Any CPU
		{3D971CB6-CE58-4ECA-9549-CC6BFF75D58A}.Release|Any CPU.Build.0 = Release|Any CPU
		{26921296-A6DF-4349-9AD0-4EA84A78E907}.Debug|Any CPU.ActiveCfg = Debug|Any CPU
		{26921296-A6DF-4349-9AD0-4EA84A78E907}.Debug|Any CPU.Build.0 = Debug|Any CPU
		{26921296-A6DF-4349-9AD0-4EA84A78E907}.Release|Any CPU.ActiveCfg = Release|Any CPU
		{26921296-A6DF-4349-9AD0-4EA84A78E907}.Release|Any CPU.Build.0 = Release|Any CPU
		{D587A31F-AAA4-41A8-BA6C-83E3CAB21B65}.Debug|Any CPU.ActiveCfg = Debug|Any CPU
		{D587A31F-AAA4-41A8-BA6C-83E3CAB21B65}.Debug|Any CPU.Build.0 = Debug|Any CPU
		{D587A31F-AAA4-41A8-BA6C-83E3CAB21B65}.Release|Any CPU.ActiveCfg = Release|Any CPU
		{D587A31F-AAA4-41A8-BA6C-83E3CAB21B65}.Release|Any CPU.Build.0 = Release|Any CPU
	EndGlobalSection
	GlobalSection(SolutionProperties) = preSolution
		HideSolutionNode = FALSE
	EndGlobalSection
	GlobalSection(ExtensibilityGlobals) = postSolution
		SolutionGuid = {E630BEC9-744D-4BFF-BFC6-363E85021628}
	EndGlobalSection
EndGlobal
